{
  "name": "mysite",
  "lockfileVersion": 3,
  "requires": true,
  "packages": {
    "": {
      "dependencies": {
        "nes.css": "^2.2.1"
      }
    },
    "node_modules/nes.css": {
      "version": "2.2.1",
      "resolved": "https://registry.npmjs.org/nes.css/-/nes.css-2.2.1.tgz",
      "integrity": "sha512-TlO0e7YCi69/wfyHCo5+FD5C+UhCkSThU4qg7/guRBIovVaq1MYs1RMKI2Pjf1lowNM3PBDHl1HHtND4aMOg+Q==",
      "license": "MIT"
    }
  }
}
